
Microsoft Visual Studio Solution File, Format Version 12.00
Project("{FAE04EC0-301F-11D3-BF4B-00C04F79EFBC}") = "Mpms", "src\Mpms\Mpms.csproj", "{CF6EB00B-5444-4131-8035-A3DF2F718564}"
EndProject
Project("{FAE04EC0-301F-11D3-BF4B-00C04F79EFBC}") = "Mpms.Common", "src\Mpms.Common\Mpms.Common.csproj", "{02297766-F7C8-4A45-8FBC-22F828C15EBA}"
EndProject
Project("{2150E333-8FDC-42A3-9474-1A3956D46DE8}") = "Solution Items", "Solution Items", "{CBECC153-F7B4-466B-B74A-3A9B57A36AD2}"
	ProjectSection(SolutionItems) = preProject
		.editorconfig = .editorconfig
	EndProjectSection
EndProject
Project("{FAE04EC0-301F-11D3-BF4B-00C04F79EFBC}") = "Mpms.MpdClient", "src\Mpms.MpdClient\Mpms.MpdClient.csproj", "{641E0720-5C3F-48A8-85EA-C888FC33F268}"
EndProject
Global
	GlobalSection(SolutionConfigurationPlatforms) = preSolution
		Debug|Any CPU = Debug|Any CPU
		Release|Any CPU = Release|Any CPU
	EndGlobalSection
	GlobalSection(ProjectConfigurationPlatforms) = postSolution
		{CF6EB00B-5444-4131-8035-A3DF2F718564}.Debug|Any CPU.ActiveCfg = Debug|Any CPU
		{CF6EB00B-5444-4131-8035-A3DF2F718564}.Debug|Any CPU.Build.0 = Debug|Any CPU
		{CF6EB00B-5444-4131-8035-A3DF2F718564}.Release|Any CPU.ActiveCfg = Release|Any CPU
		{CF6EB00B-5444-4131-8035-A3DF2F718564}.Release|Any CPU.Build.0 = Release|Any CPU
		{02297766-F7C8-4A45-8FBC-22F828C15EBA}.Debug|Any CPU.ActiveCfg = Debug|Any CPU
		{02297766-F7C8-4A45-8FBC-22F828C15EBA}.Debug|Any CPU.Build.0 = Debug|Any CPU
		{02297766-F7C8-4A45-8FBC-22F828C15EBA}.Release|Any CPU.ActiveCfg = Release|Any CPU
		{02297766-F7C8-4A45-8FBC-22F828C15EBA}.Release|Any CPU.Build.0 = Release|Any CPU
		{641E0720-5C3F-48A8-85EA-C888FC33F268}.Debug|Any CPU.ActiveCfg = Debug|Any CPU
		{641E0720-5C3F-48A8-85EA-C888FC33F268}.Debug|Any CPU.Build.0 = Debug|Any CPU
		{641E0720-5C3F-48A8-85EA-C888FC33F268}.Release|Any CPU.ActiveCfg = Release|Any CPU
		{641E0720-5C3F-48A8-85EA-C888FC33F268}.Release|Any CPU.Build.0 = Release|Any CPU
	EndGlobalSection
EndGlobal
